
Microsoft Visual Studio Solution File, Format Version 12.00
# Visual Studio Version 17
VisualStudioVersion = 17.8.34322.80
MinimumVisualStudioVersion = 10.0.40219.1
Project("{9A19103F-16F7-4668-BE54-9A1E7A4F7556}") = "Ecommerce", "Ecommerce.csproj", "{9110FAA2-E3B3-48BA-8705-03BC1B79C0F2}"
EndProject
Global
	GlobalSection(SolutionConfigurationPlatforms) = preSolution
		Debug|Any CPU = Debug|Any CPU
		Release|Any CPU = Release|Any CPU
	EndGlobalSection
	GlobalSection(ProjectConfigurationPlatforms) = postSolution
		{9110FAA2-E3B3-48BA-8705-03BC1B79C0F2}.Debug|Any CPU.ActiveCfg = Debug|Any CPU
		{9110FAA2-E3B3-48BA-8705-03BC1B79C0F2}.Debug|Any CPU.Build.0 = Debug|Any CPU
		{9110FAA2-E3B3-48BA-8705-03BC1B79C0F2}.Release|Any CPU.ActiveCfg = Release|Any CPU
		{9110FAA2-E3B3-48BA-8705-03BC1B79C0F2}.Release|Any CPU.Build.0 = Release|Any CPU
	EndGlobalSection
	GlobalSection(SolutionProperties) = preSolution
		HideSolutionNode = FALSE
	EndGlobalSection
	GlobalSection(ExtensibilityGlobals) = postSolution
		SolutionGuid = {D4EC2534-64D5-423E-A94F-3540CAB11403}
	EndGlobalSection
EndGlobal
